# @generated by Move, please check-in and do not edit manually.

[move]
version = 3
manifest_digest = "9918006383115D030D501FEF2A4B725177E171666A7CD6AF7BC1137AF6812BA7"
deps_digest = "F9B494B64F0615AED0E98FC12A85B85ECD2BC5185C22D30E7F67786BB52E507C"
dependencies = [
  { id = "Bridge", name = "Bridge" },
  { id = "MoveStdlib", name = "MoveStdlib" },
  { id = "Sui", name = "Sui" },
  { id = "SuiSystem", name = "SuiSystem" },
]

[[move.package]]
id = "Bridge"
source = { git = "https://github.com/MystenLabs/sui.git", rev = "fbb68879cbd1", subdir = "crates/sui-framework/packages/bridge" }

dependencies = [
  { id = "MoveStdlib", name = "MoveStdlib" },
  { id = "Sui", name = "Sui" },
  { id = "SuiSystem", name = "SuiSystem" },
]

[[move.package]]
id = "MoveStdlib"
source = { git = "https://github.com/MystenLabs/sui.git", rev = "fbb68879cbd1", subdir = "crates/sui-framework/packages/move-stdlib" }

[[move.package]]
id = "Sui"
source = { git = "https://github.com/MystenLabs/sui.git", rev = "fbb68879cbd1", subdir = "crates/sui-framework/packages/sui-framework" }

dependencies = [
  { id = "MoveStdlib", name = "MoveStdlib" },
]

[[move.package]]
id = "SuiSystem"
source = { git = "https://github.com/MystenLabs/sui.git", rev = "fbb68879cbd1", subdir = "crates/sui-framework/packages/sui-system" }

dependencies = [
  { id = "MoveStdlib", name = "MoveStdlib" },
  { id = "Sui", name = "Sui" },
]

[move.toolchain-version]
compiler-version = "1.48.0"
edition = "2024.beta"
flavor = "sui"

[env]

[env.localnet]
chain-id = "0e10ab31"
original-published-id = "0x2848046af36b8ba553fd9465aeae962d6995bd8be2d41f69761781ddd499d2de"
latest-published-id = "0x2848046af36b8ba553fd9465aeae962d6995bd8be2d41f69761781ddd499d2de"
published-version = "1"

[env.testnet]
chain-id = "4c78adac"
original-published-id = "0x9a616ddaf97afffee848e192c68fe5e4dff9b91ee8ce0a6fe19493fa863e319d"
latest-published-id = "0x9a616ddaf97afffee848e192c68fe5e4dff9b91ee8ce0a6fe19493fa863e319d"
published-version = "1"
